
Microsoft Visual Studio Solution File, Format Version 12.00
# Visual Studio Version 16
VisualStudioVersion = 16.0.29911.84
MinimumVisualStudioVersion = 10.0.40219.1
Project("{FAE04EC0-301F-11D3-BF4B-00C04F79EFBC}") = "Oefc_Manager", "Oefc_Manager.csproj", "{00AFE7C2-8A32-429C-A7FF-F9AD09D95BE1}"
EndProject
Global
	GlobalSection(SolutionConfigurationPlatforms) = preSolution
		Debug|Any CPU = Debug|Any CPU
		Release|Any CPU = Release|Any CPU
	EndGlobalSection
	GlobalSection(ProjectConfigurationPlatforms) = postSolution
		{00AFE7C2-8A32-429C-A7FF-F9AD09D95BE1}.Debug|Any CPU.ActiveCfg = Debug|Any CPU
		{00AFE7C2-8A32-429C-A7FF-F9AD09D95BE1}.Debug|Any CPU.Build.0 = Debug|Any CPU
		{00AFE7C2-8A32-429C-A7FF-F9AD09D95BE1}.Release|Any CPU.ActiveCfg = Release|Any CPU
		{00AFE7C2-8A32-429C-A7FF-F9AD09D95BE1}.Release|Any CPU.Build.0 = Release|Any CPU
	EndGlobalSection
	GlobalSection(SolutionProperties) = preSolution
		HideSolutionNode = FALSE
	EndGlobalSection
	GlobalSection(ExtensibilityGlobals) = postSolution
		SolutionGuid = {D820DC61-1100-45FE-96C9-6FE48B3CB7C2}
	EndGlobalSection
EndGlobal
